
Microsoft Visual Studio Solution File, Format Version 12.00
# Visual Studio Version 17
VisualStudioVersion = 17.10.35027.167
MinimumVisualStudioVersion = 10.0.40219.1
Project("{FAE04EC0-301F-11D3-BF4B-00C04F79EFBC}") = "MontagemLayout", "MontagemLayout\MontagemLayout.csproj", "{8445F3F6-FD88-4C36-8E9E-FF9D81FE4057}"
EndProject
Global
	GlobalSection(SolutionConfigurationPlatforms) = preSolution
		Debug|Any CPU = Debug|Any CPU
		Release|Any CPU = Release|Any CPU
	EndGlobalSection
	GlobalSection(ProjectConfigurationPlatforms) = postSolution
		{8445F3F6-FD88-4C36-8E9E-FF9D81FE4057}.Debug|Any CPU.ActiveCfg = Debug|Any CPU
		{8445F3F6-FD88-4C36-8E9E-FF9D81FE4057}.Debug|Any CPU.Build.0 = Debug|Any CPU
		{8445F3F6-FD88-4C36-8E9E-FF9D81FE4057}.Release|Any CPU.ActiveCfg = Release|Any CPU
		{8445F3F6-FD88-4C36-8E9E-FF9D81FE4057}.Release|Any CPU.Build.0 = Release|Any CPU
	EndGlobalSection
	GlobalSection(SolutionProperties) = preSolution
		HideSolutionNode = FALSE
	EndGlobalSection
	GlobalSection(ExtensibilityGlobals) = postSolution
		SolutionGuid = {5C2F9932-8F2C-44EF-B546-FA39F0D34D8B}
	EndGlobalSection
EndGlobal
